
Microsoft Visual Studio Solution File, Format Version 12.00
# Visual Studio 2013
VisualStudioVersion = 12.0.30723.0
MinimumVisualStudioVersion = 10.0.40219.1
Project("{FAE04EC0-301F-11D3-BF4B-00C04F79EFBC}") = "Festify.WinPhone", "Festify\Festify.WinPhone\Festify.WinPhone.csproj", "{26A27CF6-1F76-41AE-B1BB-C01D46AF99B8}"
EndProject
Project("{FAE04EC0-301F-11D3-BF4B-00C04F79EFBC}") = "Festify.iOS", "Festify\Festify.iOS\Festify.iOS.csproj", "{2D5D9A93-27F8-4CD8-91E9-1DA0731CD0E4}"
EndProject
Project("{FAE04EC0-301F-11D3-BF4B-00C04F79EFBC}") = "Festify.Android", "Festify\Festify.Android\Festify.Android.csproj", "{63C2257F-C463-4199-959C-7DCBB06A693E}"
EndProject
Project("{D954291E-2A0B-460D-934E-DC6B0785DB48}") = "Festify", "Festify\Festify\Festify.shproj", "{584219C9-96B6-438A-AC2C-B40E5F17BA3B}"
EndProject
Project("{FAE04EC0-301F-11D3-BF4B-00C04F79EFBC}") = "Festify.Model", "Festify.Model\Festify.Model.csproj", "{09D0CACB-C031-425A-8BCA-3DFDB2103868}"
EndProject
Global
	GlobalSection(SharedMSBuildProjectFiles) = preSolution
		Festify\Festify\Festify.projitems*{63c2257f-c463-4199-959c-7dcbb06a693e}*SharedItemsImports = 4
		Festify\Festify\Festify.projitems*{26a27cf6-1f76-41ae-b1bb-c01d46af99b8}*SharedItemsImports = 4
		Festify\Festify\Festify.projitems*{2d5d9a93-27f8-4cd8-91e9-1da0731cd0e4}*SharedItemsImports = 4
		Festify\Festify\Festify.projitems*{584219c9-96b6-438a-ac2c-b40e5f17ba3b}*SharedItemsImports = 13
	EndGlobalSection
	GlobalSection(SolutionConfigurationPlatforms) = preSolution
		Ad-Hoc|Any CPU = Ad-Hoc|Any CPU
		Ad-Hoc|ARM = Ad-Hoc|ARM
		Ad-Hoc|iPhone = Ad-Hoc|iPhone
		Ad-Hoc|iPhoneSimulator = Ad-Hoc|iPhoneSimulator
		Ad-Hoc|Mixed Platforms = Ad-Hoc|Mixed Platforms
		Ad-Hoc|x86 = Ad-Hoc|x86
		AppStore|Any CPU = AppStore|Any CPU
		AppStore|ARM = AppStore|ARM
		AppStore|iPhone = AppStore|iPhone
		AppStore|iPhoneSimulator = AppStore|iPhoneSimulator
		AppStore|Mixed Platforms = AppStore|Mixed Platforms
		AppStore|x86 = AppStore|x86
		Debug|Any CPU = Debug|Any CPU
		Debug|ARM = Debug|ARM
		Debug|iPhone = Debug|iPhone
		Debug|iPhoneSimulator = Debug|iPhoneSimulator
		Debug|Mixed Platforms = Debug|Mixed Platforms
		Debug|x86 = Debug|x86
		Release|Any CPU = Release|Any CPU
		Release|ARM = Release|ARM
		Release|iPhone = Release|iPhone
		Release|iPhoneSimulator = Release|iPhoneSimulator
		Release|Mixed Platforms = Release|Mixed Platforms
		Release|x86 = Release|x86
	EndGlobalSection
	GlobalSection(ProjectConfigurationPlatforms) = postSolution
		{26A27CF6-1F76-41AE-B1BB-C01D46AF99B8}.Ad-Hoc|Any CPU.ActiveCfg = Release|Any CPU
		{26A27CF6-1F76-41AE-B1BB-C01D46AF99B8}.Ad-Hoc|Any CPU.Build.0 = Release|Any CPU
		{26A27CF6-1F76-41AE-B1BB-C01D46AF99B8}.Ad-Hoc|Any CPU.Deploy.0 = Release|Any CPU
		{26A27CF6-1F76-41AE-B1BB-C01D46AF99B8}.Ad-Hoc|ARM.ActiveCfg = Release|ARM
		{26A27CF6-1F76-41AE-B1BB-C01D46AF99B8}.Ad-Hoc|ARM.Build.0 = Release|ARM
		{26A27CF6-1F76-41AE-B1BB-C01D46AF99B8}.Ad-Hoc|ARM.Deploy.0 = Release|ARM
		{26A27CF6-1F76-41AE-B1BB-C01D46AF99B8}.Ad-Hoc|iPhone.ActiveCfg = Release|Any CPU
		{26A27CF6-1F76-41AE-B1BB-C01D46AF99B8}.Ad-Hoc|iPhoneSimulator.ActiveCfg = Release|Any CPU
		{26A27CF6-1F76-41AE-B1BB-C01D46AF99B8}.Ad-Hoc|Mixed Platforms.ActiveCfg = Release|x86
		{26A27CF6-1F76-41AE-B1BB-C01D46AF99B8}.Ad-Hoc|Mixed Platforms.Build.0 = Release|x86
		{26A27CF6-1F76-41AE-B1BB-C01D46AF99B8}.Ad-Hoc|Mixed Platforms.Deploy.0 = Release|x86
		{26A27CF6-1F76-41AE-B1BB-C01D46AF99B8}.Ad-Hoc|x86.ActiveCfg = Release|x86
		{26A27CF6-1F76-41AE-B1BB-C01D46AF99B8}.Ad-Hoc|x86.Build.0 = Release|x86
		{26A27CF6-1F76-41AE-B1BB-C01D46AF99B8}.Ad-Hoc|x86.Deploy.0 = Release|x86
		{26A27CF6-1F76-41AE-B1BB-C01D46AF99B8}.AppStore|Any CPU.ActiveCfg = Release|Any CPU
		{26A27CF6-1F76-41AE-B1BB-C01D46AF99B8}.AppStore|Any CPU.Build.0 = Release|Any CPU
		{26A27CF6-1F76-41AE-B1BB-C01D46AF99B8}.AppStore|Any CPU.Deploy.0 = Release|Any CPU
		{26A27CF6-1F76-41AE-B1BB-C01D46AF99B8}.AppStore|ARM.ActiveCfg = Release|ARM
		{26A27CF6-1F76-41AE-B1BB-C01D46AF99B8}.AppStore|ARM.Build.0 = Release|ARM
		{26A27CF6-1F76-41AE-B1BB-C01D46AF99B8}.AppStore|ARM.Deploy.0 = Release|ARM
		{26A27CF6-1F76-41AE-B1BB-C01D46AF99B8}.AppStore|iPhone.ActiveCfg = Release|Any CPU
		{26A27CF6-1F76-41AE-B1BB-C01D46AF99B8}.AppStore|iPhoneSimulator.ActiveCfg = Release|Any CPU
		{26A27CF6-1F76-41AE-B1BB-C01D46AF99B8}.AppStore|Mixed Platforms.ActiveCfg = Release|x86
		{26A27CF6-1F76-41AE-B1BB-C01D46AF99B8}.AppStore|Mixed Platforms.Build.0 = Release|x86
		{26A27CF6-1F76-41AE-B1BB-C01D46AF99B8}.AppStore|Mixed Platforms.Deploy.0 = Release|x86
		{26A27CF6-1F76-41AE-B1BB-C01D46AF99B8}.AppStore|x86.ActiveCfg = Release|x86
		{26A27CF6-1F76-41AE-B1BB-C01D46AF99B8}.AppStore|x86.Build.0 = Release|x86
		{26A27CF6-1F76-41AE-B1BB-C01D46AF99B8}.AppStore|x86.Deploy.0 = Release|x86
		{26A27CF6-1F76-41AE-B1BB-C01D46AF99B8}.Debug|Any CPU.ActiveCfg = Debug|Any CPU
		{26A27CF6-1F76-41AE-B1BB-C01D46AF99B8}.Debug|Any CPU.Build.0 = Debug|Any CPU
		{26A27CF6-1F76-41AE-B1BB-C01D46AF99B8}.Debug|Any CPU.Deploy.0 = Debug|Any CPU
		{26A27CF6-1F76-41AE-B1BB-C01D46AF99B8}.Debug|ARM.ActiveCfg = Debug|ARM
		{26A27CF6-1F76-41AE-B1BB-C01D46AF99B8}.Debug|ARM.Build.0 = Debug|ARM
		{26A27CF6-1F76-41AE-B1BB-C01D46AF99B8}.Debug|ARM.Deploy.0 = Debug|ARM
		{26A27CF6-1F76-41AE-B1BB-C01D46AF99B8}.Debug|iPhone.ActiveCfg = Debug|Any CPU
		{26A27CF6-1F76-41AE-B1BB-C01D46AF99B8}.Debug|iPhoneSimulator.ActiveCfg = Debug|Any CPU
		{26A27CF6-1F76-41AE-B1BB-C01D46AF99B8}.Debug|Mixed Platforms.ActiveCfg = Debug|x86
		{26A27CF6-1F76-41AE-B1BB-C01D46AF99B8}.Debug|Mixed Platforms.Build.0 = Debug|x86
		{26A27CF6-1F76-41AE-B1BB-C01D46AF99B8}.Debug|Mixed Platforms.Deploy.0 = Debug|x86
		{26A27CF6-1F76-41AE-B1BB-C01D46AF99B8}.Debug|x86.ActiveCfg = Debug|x86
		{26A27CF6-1F76-41AE-B1BB-C01D46AF99B8}.Debug|x86.Build.0 = Debug|x86
		{26A27CF6-1F76-41AE-B1BB-C01D46AF99B8}.Debug|x86.Deploy.0 = Debug|x86
		{26A27CF6-1F76-41AE-B1BB-C01D46AF99B8}.Release|Any CPU.ActiveCfg = Release|Any CPU
		{26A27CF6-1F76-41AE-B1BB-C01D46AF99B8}.Release|Any CPU.Build.0 = Release|Any CPU
		{26A27CF6-1F76-41AE-B1BB-C01D46AF99B8}.Release|Any CPU.Deploy.0 = Release|Any CPU
		{26A27CF6-1F76-41AE-B1BB-C01D46AF99B8}.Release|ARM.ActiveCfg = Release|ARM
		{26A27CF6-1F76-41AE-B1BB-C01D46AF99B8}.Release|ARM.Build.0 = Release|ARM
		{26A27CF6-1F76-41AE-B1BB-C01D46AF99B8}.Release|ARM.Deploy.0 = Release|ARM
		{26A27CF6-1F76-41AE-B1BB-C01D46AF99B8}.Release|iPhone.ActiveCfg = Release|Any CPU
		{26A27CF6-1F76-41AE-B1BB-C01D46AF99B8}.Release|iPhoneSimulator.ActiveCfg = Release|Any CPU
		{26A27CF6-1F76-41AE-B1BB-C01D46AF99B8}.Release|Mixed Platforms.ActiveCfg = Release|x86
		{26A27CF6-1F76-41AE-B1BB-C01D46AF99B8}.Release|Mixed Platforms.Build.0 = Release|x86
		{26A27CF6-1F76-41AE-B1BB-C01D46AF99B8}.Release|Mixed Platforms.Deploy.0 = Release|x86
		{26A27CF6-1F76-41AE-B1BB-C01D46AF99B8}.Release|x86.ActiveCfg = Release|x86
		{26A27CF6-1F76-41AE-B1BB-C01D46AF99B8}.Release|x86.Build.0 = Release|x86
		{26A27CF6-1F76-41AE-B1BB-C01D46AF99B8}.Release|x86.Deploy.0 = Release|x86
		{2D5D9A93-27F8-4CD8-91E9-1DA0731CD0E4}.Ad-Hoc|Any CPU.ActiveCfg = Ad-Hoc|iPhone
		{2D5D9A93-27F8-4CD8-91E9-1DA0731CD0E4}.Ad-Hoc|ARM.ActiveCfg = Ad-Hoc|iPhone
		{2D5D9A93-27F8-4CD8-91E9-1DA0731CD0E4}.Ad-Hoc|iPhone.ActiveCfg = Ad-Hoc|iPhone
		{2D5D9A93-27F8-4CD8-91E9-1DA0731CD0E4}.Ad-Hoc|iPhone.Build.0 = Ad-Hoc|iPhone
		{2D5D9A93-27F8-4CD8-91E9-1DA0731CD0E4}.Ad-Hoc|iPhone.Deploy.0 = Ad-Hoc|iPhone
		{2D5D9A93-27F8-4CD8-91E9-1DA0731CD0E4}.Ad-Hoc|iPhoneSimulator.ActiveCfg = Ad-Hoc|iPhoneSimulator
		{2D5D9A93-27F8-4CD8-91E9-1DA0731CD0E4}.Ad-Hoc|iPhoneSimulator.Build.0 = Ad-Hoc|iPhoneSimulator
		{2D5D9A93-27F8-4CD8-91E9-1DA0731CD0E4}.Ad-Hoc|iPhoneSimulator.Deploy.0 = Ad-Hoc|iPhoneSimulator
		{2D5D9A93-27F8-4CD8-91E9-1DA0731CD0E4}.Ad-Hoc|Mixed Platforms.ActiveCfg = Ad-Hoc|iPhone
		{2D5D9A93-27F8-4CD8-91E9-1DA0731CD0E4}.Ad-Hoc|Mixed Platforms.Build.0 = Ad-Hoc|iPhone
		{2D5D9A93-27F8-4CD8-91E9-1DA0731CD0E4}.Ad-Hoc|Mixed Platforms.Deploy.0 = Ad-Hoc|iPhone
		{2D5D9A93-27F8-4CD8-91E9-1DA0731CD0E4}.Ad-Hoc|x86.ActiveCfg = Ad-Hoc|iPhone
		{2D5D9A93-27F8-4CD8-91E9-1DA0731CD0E4}.AppStore|Any CPU.ActiveCfg = AppStore|iPhone
		{2D5D9A93-27F8-4CD8-91E9-1DA0731CD0E4}.AppStore|ARM.ActiveCfg = AppStore|iPhone
		{2D5D9A93-27F8-4CD8-91E9-1DA0731CD0E4}.AppStore|iPhone.ActiveCfg = AppStore|iPhone
		{2D5D9A93-27F8-4CD8-91E9-1DA0731CD0E4}.AppStore|iPhone.Build.0 = AppStore|iPhone
		{2D5D9A93-27F8-4CD8-91E9-1DA0731CD0E4}.AppStore|iPhone.Deploy.0 = AppStore|iPhone
		{2D5D9A93-27F8-4CD8-91E9-1DA0731CD0E4}.AppStore|iPhoneSimulator.ActiveCfg = AppStore|iPhoneSimulator
		{2D5D9A93-27F8-4CD8-91E9-1DA0731CD0E4}.AppStore|iPhoneSimulator.Build.0 = AppStore|iPhoneSimulator
		{2D5D9A93-27F8-4CD8-91E9-1DA0731CD0E4}.AppStore|iPhoneSimulator.Deploy.0 = AppStore|iPhoneSimulator
		{2D5D9A93-27F8-4CD8-91E9-1DA0731CD0E4}.AppStore|Mixed Platforms.ActiveCfg = AppStore|iPhone
		{2D5D9A93-27F8-4CD8-91E9-1DA0731CD0E4}.AppStore|Mixed Platforms.Build.0 = AppStore|iPhone
		{2D5D9A93-27F8-4CD8-91E9-1DA0731CD0E4}.AppStore|Mixed Platforms.Deploy.0 = AppStore|iPhone
		{2D5D9A93-27F8-4CD8-91E9-1DA0731CD0E4}.AppStore|x86.ActiveCfg = AppStore|iPhone
		{2D5D9A93-27F8-4CD8-91E9-1DA0731CD0E4}.Debug|Any CPU.ActiveCfg = Debug|iPhone
		{2D5D9A93-27F8-4CD8-91E9-1DA0731CD0E4}.Debug|ARM.ActiveCfg = Debug|iPhone
		{2D5D9A93-27F8-4CD8-91E9-1DA0731CD0E4}.Debug|iPhone.ActiveCfg = Debug|iPhone
		{2D5D9A93-27F8-4CD8-91E9-1DA0731CD0E4}.Debug|iPhone.Build.0 = Debug|iPhone
		{2D5D9A93-27F8-4CD8-91E9-1DA0731CD0E4}.Debug|iPhone.Deploy.0 = Debug|iPhone
		{2D5D9A93-27F8-4CD8-91E9-1DA0731CD0E4}.Debug|iPhoneSimulator.ActiveCfg = Debug|iPhoneSimulator
		{2D5D9A93-27F8-4CD8-91E9-1DA0731CD0E4}.Debug|iPhoneSimulator.Build.0 = Debug|iPhoneSimulator
		{2D5D9A93-27F8-4CD8-91E9-1DA0731CD0E4}.Debug|iPhoneSimulator.Deploy.0 = Debug|iPhoneSimulator
		{2D5D9A93-27F8-4CD8-91E9-1DA0731CD0E4}.Debug|Mixed Platforms.ActiveCfg = Debug|iPhone
		{2D5D9A93-27F8-4CD8-91E9-1DA0731CD0E4}.Debug|Mixed Platforms.Build.0 = Debug|iPhone
		{2D5D9A93-27F8-4CD8-91E9-1DA0731CD0E4}.Debug|Mixed Platforms.Deploy.0 = Debug|iPhone
		{2D5D9A93-27F8-4CD8-91E9-1DA0731CD0E4}.Debug|x86.ActiveCfg = Debug|iPhone
		{2D5D9A93-27F8-4CD8-91E9-1DA0731CD0E4}.Release|Any CPU.ActiveCfg = Release|iPhone
		{2D5D9A93-27F8-4CD8-91E9-1DA0731CD0E4}.Release|ARM.ActiveCfg = Release|iPhone
		{2D5D9A93-27F8-4CD8-91E9-1DA0731CD0E4}.Release|iPhone.ActiveCfg = Release|iPhone
		{2D5D9A93-27F8-4CD8-91E9-1DA0731CD0E4}.Release|iPhone.Build.0 = Release|iPhone
		{2D5D9A93-27F8-4CD8-91E9-1DA0731CD0E4}.Release|iPhone.Deploy.0 = Release|iPhone
		{2D5D9A93-27F8-4CD8-91E9-1DA0731CD0E4}.Release|iPhoneSimulator.ActiveCfg = Release|iPhoneSimulator
		{2D5D9A93-27F8-4CD8-91E9-1DA0731CD0E4}.Release|iPhoneSimulator.Build.0 = Release|iPhoneSimulator
		{2D5D9A93-27F8-4CD8-91E9-1DA0731CD0E4}.Release|iPhoneSimulator.Deploy.0 = Release|iPhoneSimulator
		{2D5D9A93-27F8-4CD8-91E9-1DA0731CD0E4}.Release|Mixed Platforms.ActiveCfg = Release|iPhone
		{2D5D9A93-27F8-4CD8-91E9-1DA0731CD0E4}.Release|Mixed Platforms.Build.0 = Release|iPhone
		{2D5D9A93-27F8-4CD8-91E9-1DA0731CD0E4}.Release|Mixed Platforms.Deploy.0 = Release|iPhone
		{2D5D9A93-27F8-4CD8-91E9-1DA0731CD0E4}.Release|x86.ActiveCfg = Release|iPhone
		{63C2257F-C463-4199-959C-7DCBB06A693E}.Ad-Hoc|Any CPU.ActiveCfg = Release|Any CPU
		{63C2257F-C463-4199-959C-7DCBB06A693E}.Ad-Hoc|Any CPU.Build.0 = Release|Any CPU
		{63C2257F-C463-4199-959C-7DCBB06A693E}.Ad-Hoc|Any CPU.Deploy.0 = Release|Any CPU
		{63C2257F-C463-4199-959C-7DCBB06A693E}.Ad-Hoc|ARM.ActiveCfg = Release|Any CPU
		{63C2257F-C463-4199-959C-7DCBB06A693E}.Ad-Hoc|iPhone.ActiveCfg = Release|Any CPU
		{63C2257F-C463-4199-959C-7DCBB06A693E}.Ad-Hoc|iPhoneSimulator.ActiveCfg = Release|Any CPU
		{63C2257F-C463-4199-959C-7DCBB06A693E}.Ad-Hoc|Mixed Platforms.ActiveCfg = Release|Any CPU
		{63C2257F-C463-4199-959C-7DCBB06A693E}.Ad-Hoc|Mixed Platforms.Build.0 = Release|Any CPU
		{63C2257F-C463-4199-959C-7DCBB06A693E}.Ad-Hoc|Mixed Platforms.Deploy.0 = Release|Any CPU
		{63C2257F-C463-4199-959C-7DCBB06A693E}.Ad-Hoc|x86.ActiveCfg = Release|Any CPU
		{63C2257F-C463-4199-959C-7DCBB06A693E}.AppStore|Any CPU.ActiveCfg = Release|Any CPU
		{63C2257F-C463-4199-959C-7DCBB06A693E}.AppStore|Any CPU.Build.0 = Release|Any CPU
		{63C2257F-C463-4199-959C-7DCBB06A693E}.AppStore|Any CPU.Deploy.0 = Release|Any CPU
		{63C2257F-C463-4199-959C-7DCBB06A693E}.AppStore|ARM.ActiveCfg = Release|Any CPU
		{63C2257F-C463-4199-959C-7DCBB06A693E}.AppStore|iPhone.ActiveCfg = Release|Any CPU
		{63C2257F-C463-4199-959C-7DCBB06A693E}.AppStore|iPhoneSimulator.ActiveCfg = Release|Any CPU
		{63C2257F-C463-4199-959C-7DCBB06A693E}.AppStore|Mixed Platforms.ActiveCfg = Release|Any CPU
		{63C2257F-C463-4199-959C-7DCBB06A693E}.AppStore|Mixed Platforms.Build.0 = Release|Any CPU
		{63C2257F-C463-4199-959C-7DCBB06A693E}.AppStore|Mixed Platforms.Deploy.0 = Release|Any CPU
		{63C2257F-C463-4199-959C-7DCBB06A693E}.AppStore|x86.ActiveCfg = Release|Any CPU
		{63C2257F-C463-4199-959C-7DCBB06A693E}.Debug|Any CPU.ActiveCfg = Debug|Any CPU
		{63C2257F-C463-4199-959C-7DCBB06A693E}.Debug|Any CPU.Build.0 = Debug|Any CPU
		{63C2257F-C463-4199-959C-7DCBB06A693E}.Debug|Any CPU.Deploy.0 = Debug|Any CPU
		{63C2257F-C463-4199-959C-7DCBB06A693E}.Debug|ARM.ActiveCfg = Debug|Any CPU
		{63C2257F-C463-4199-959C-7DCBB06A693E}.Debug|iPhone.ActiveCfg = Debug|Any CPU
		{63C2257F-C463-4199-959C-7DCBB06A693E}.Debug|iPhoneSimulator.ActiveCfg = Debug|Any CPU
		{63C2257F-C463-4199-959C-7DCBB06A693E}.Debug|Mixed Platforms.ActiveCfg = Debug|Any CPU
		{63C2257F-C463-4199-959C-7DCBB06A693E}.Debug|Mixed Platforms.Build.0 = Debug|Any CPU
		{63C2257F-C463-4199-959C-7DCBB06A693E}.Debug|Mixed Platforms.Deploy.0 = Debug|Any CPU
		{63C2257F-C463-4199-959C-7DCBB06A693E}.Debug|x86.ActiveCfg = Debug|Any CPU
		{63C2257F-C463-4199-959C-7DCBB06A693E}.Release|Any CPU.ActiveCfg = Release|Any CPU
		{63C2257F-C463-4199-959C-7DCBB06A693E}.Release|Any CPU.Build.0 = Release|Any CPU
		{63C2257F-C463-4199-959C-7DCBB06A693E}.Release|Any CPU.Deploy.0 = Release|Any CPU
		{63C2257F-C463-4199-959C-7DCBB06A693E}.Release|ARM.ActiveCfg = Release|Any CPU
		{63C2257F-C463-4199-959C-7DCBB06A693E}.Release|iPhone.ActiveCfg = Release|Any CPU
		{63C2257F-C463-4199-959C-7DCBB06A693E}.Release|iPhoneSimulator.ActiveCfg = Release|Any CPU
		{63C2257F-C463-4199-959C-7DCBB06A693E}.Release|Mixed Platforms.ActiveCfg = Release|Any CPU
		{63C2257F-C463-4199-959C-7DCBB06A693E}.Release|Mixed Platforms.Build.0 = Release|Any CPU
		{63C2257F-C463-4199-959C-7DCBB06A693E}.Release|Mixed Platforms.Deploy.0 = Release|Any CPU
		{63C2257F-C463-4199-959C-7DCBB06A693E}.Release|x86.ActiveCfg = Release|Any CPU
		{09D0CACB-C031-425A-8BCA-3DFDB2103868}.Ad-Hoc|Any CPU.ActiveCfg = Release|Any CPU
		{09D0CACB-C031-425A-8BCA-3DFDB2103868}.Ad-Hoc|Any CPU.Build.0 = Release|Any CPU
		{09D0CACB-C031-425A-8BCA-3DFDB2103868}.Ad-Hoc|ARM.ActiveCfg = Release|Any CPU
		{09D0CACB-C031-425A-8BCA-3DFDB2103868}.Ad-Hoc|iPhone.ActiveCfg = Release|Any CPU
		{09D0CACB-C031-425A-8BCA-3DFDB2103868}.Ad-Hoc|iPhoneSimulator.ActiveCfg = Release|Any CPU
		{09D0CACB-C031-425A-8BCA-3DFDB2103868}.Ad-Hoc|Mixed Platforms.ActiveCfg = Release|Any CPU
		{09D0CACB-C031-425A-8BCA-3DFDB2103868}.Ad-Hoc|Mixed Platforms.Build.0 = Release|Any CPU
		{09D0CACB-C031-425A-8BCA-3DFDB2103868}.Ad-Hoc|x86.ActiveCfg = Release|Any CPU
		{09D0CACB-C031-425A-8BCA-3DFDB2103868}.AppStore|Any CPU.ActiveCfg = Release|Any CPU
		{09D0CACB-C031-425A-8BCA-3DFDB2103868}.AppStore|Any CPU.Build.0 = Release|Any CPU
		{09D0CACB-C031-425A-8BCA-3DFDB2103868}.AppStore|ARM.ActiveCfg = Release|Any CPU
		{09D0CACB-C031-425A-8BCA-3DFDB2103868}.AppStore|iPhone.ActiveCfg = Release|Any CPU
		{09D0CACB-C031-425A-8BCA-3DFDB2103868}.AppStore|iPhoneSimulator.ActiveCfg = Release|Any CPU
		{09D0CACB-C031-425A-8BCA-3DFDB2103868}.AppStore|Mixed Platforms.ActiveCfg = Release|Any CPU
		{09D0CACB-C031-425A-8BCA-3DFDB2103868}.AppStore|Mixed Platforms.Build.0 = Release|Any CPU
		{09D0CACB-C031-425A-8BCA-3DFDB2103868}.AppStore|x86.ActiveCfg = Release|Any CPU
		{09D0CACB-C031-425A-8BCA-3DFDB2103868}.Debug|Any CPU.ActiveCfg = Debug|Any CPU
		{09D0CACB-C031-425A-8BCA-3DFDB2103868}.Debug|Any CPU.Build.0 = Debug|Any CPU
		{09D0CACB-C031-425A-8BCA-3DFDB2103868}.Debug|ARM.ActiveCfg = Debug|Any CPU
		{09D0CACB-C031-425A-8BCA-3DFDB2103868}.Debug|iPhone.ActiveCfg = Debug|Any CPU
		{09D0CACB-C031-425A-8BCA-3DFDB2103868}.Debug|iPhoneSimulator.ActiveCfg = Debug|Any CPU
		{09D0CACB-C031-425A-8BCA-3DFDB2103868}.Debug|Mixed Platforms.ActiveCfg = Debug|Any CPU
		{09D0CACB-C031-425A-8BCA-3DFDB2103868}.Debug|Mixed Platforms.Build.0 = Debug|Any CPU
		{09D0CACB-C031-425A-8BCA-3DFDB2103868}.Debug|x86.ActiveCfg = Debug|Any CPU
		{09D0CACB-C031-425A-8BCA-3DFDB2103868}.Release|Any CPU.ActiveCfg = Release|Any CPU
		{09D0CACB-C031-425A-8BCA-3DFDB2103868}.Release|Any CPU.Build.0 = Release|Any CPU
		{09D0CACB-C031-425A-8BCA-3DFDB2103868}.Release|ARM.ActiveCfg = Release|Any CPU
		{09D0CACB-C031-425A-8BCA-3DFDB2103868}.Release|iPhone.ActiveCfg = Release|Any CPU
		{09D0CACB-C031-425A-8BCA-3DFDB2103868}.Release|iPhoneSimulator.ActiveCfg = Release|Any CPU
		{09D0CACB-C031-425A-8BCA-3DFDB2103868}.Release|Mixed Platforms.ActiveCfg = Release|Any CPU
		{09D0CACB-C031-425A-8BCA-3DFDB2103868}.Release|Mixed Platforms.Build.0 = Release|Any CPU
		{09D0CACB-C031-425A-8BCA-3DFDB2103868}.Release|x86.ActiveCfg = Release|Any CPU
	EndGlobalSection
	GlobalSection(SolutionProperties) = preSolution
		HideSolutionNode = FALSE
	EndGlobalSection
EndGlobal
