
Microsoft Visual Studio Solution File, Format Version 12.00
# Visual Studio 2013
VisualStudioVersion = 12.0.30723.0
MinimumVisualStudioVersion = 10.0.40219.1
Project("{FAE04EC0-301F-11D3-BF4B-00C04F79EFBC}") = "Festify.WinPhone", "Festify\Festify.WinPhone\Festify.WinPhone.csproj", "{FA2B7071-672B-45D8-8AC6-9D46371DA4B1}"
EndProject
Project("{FAE04EC0-301F-11D3-BF4B-00C04F79EFBC}") = "Festify.iOS", "Festify\Festify.iOS\Festify.iOS.csproj", "{5B0116F9-97A6-4EBA-9D86-02A6A6429BCC}"
EndProject
Project("{FAE04EC0-301F-11D3-BF4B-00C04F79EFBC}") = "Festify.Android", "Festify\Festify.Android\Festify.Android.csproj", "{F03A6C1F-26C5-4408-9394-24D1EB34D651}"
EndProject
Project("{D954291E-2A0B-460D-934E-DC6B0785DB48}") = "Festify", "Festify\Festify\Festify.shproj", "{0EB8655B-2EFA-46E3-BC96-8B40289D834A}"
EndProject
Project("{FAE04EC0-301F-11D3-BF4B-00C04F79EFBC}") = "Festify.Model", "Festify.Model\Festify.Model.csproj", "{09D0CACB-C031-425A-8BCA-3DFDB2103868}"
EndProject
Project("{FAE04EC0-301F-11D3-BF4B-00C04F79EFBC}") = "Festify.Logic", "Festify.Logic\Festify.Logic.csproj", "{D1CAE0E5-26B2-41BA-A7DD-3E04C28734E3}"
EndProject
Global
	GlobalSection(SharedMSBuildProjectFiles) = preSolution
		Festify\Festify\Festify.projitems*{0eb8655b-2efa-46e3-bc96-8b40289d834a}*SharedItemsImports = 13
	EndGlobalSection
	GlobalSection(SolutionConfigurationPlatforms) = preSolution
		Ad-Hoc|Any CPU = Ad-Hoc|Any CPU
		Ad-Hoc|ARM = Ad-Hoc|ARM
		Ad-Hoc|iPhone = Ad-Hoc|iPhone
		Ad-Hoc|iPhoneSimulator = Ad-Hoc|iPhoneSimulator
		Ad-Hoc|Mixed Platforms = Ad-Hoc|Mixed Platforms
		Ad-Hoc|x86 = Ad-Hoc|x86
		AppStore|Any CPU = AppStore|Any CPU
		AppStore|ARM = AppStore|ARM
		AppStore|iPhone = AppStore|iPhone
		AppStore|iPhoneSimulator = AppStore|iPhoneSimulator
		AppStore|Mixed Platforms = AppStore|Mixed Platforms
		AppStore|x86 = AppStore|x86
		Debug|Any CPU = Debug|Any CPU
		Debug|ARM = Debug|ARM
		Debug|iPhone = Debug|iPhone
		Debug|iPhoneSimulator = Debug|iPhoneSimulator
		Debug|Mixed Platforms = Debug|Mixed Platforms
		Debug|x86 = Debug|x86
		Release|Any CPU = Release|Any CPU
		Release|ARM = Release|ARM
		Release|iPhone = Release|iPhone
		Release|iPhoneSimulator = Release|iPhoneSimulator
		Release|Mixed Platforms = Release|Mixed Platforms
		Release|x86 = Release|x86
	EndGlobalSection
	GlobalSection(ProjectConfigurationPlatforms) = postSolution
		{FA2B7071-672B-45D8-8AC6-9D46371DA4B1}.Ad-Hoc|Any CPU.ActiveCfg = Release|Any CPU
		{FA2B7071-672B-45D8-8AC6-9D46371DA4B1}.Ad-Hoc|Any CPU.Build.0 = Release|Any CPU
		{FA2B7071-672B-45D8-8AC6-9D46371DA4B1}.Ad-Hoc|Any CPU.Deploy.0 = Release|Any CPU
		{FA2B7071-672B-45D8-8AC6-9D46371DA4B1}.Ad-Hoc|ARM.ActiveCfg = Release|ARM
		{FA2B7071-672B-45D8-8AC6-9D46371DA4B1}.Ad-Hoc|ARM.Build.0 = Release|ARM
		{FA2B7071-672B-45D8-8AC6-9D46371DA4B1}.Ad-Hoc|ARM.Deploy.0 = Release|ARM
		{FA2B7071-672B-45D8-8AC6-9D46371DA4B1}.Ad-Hoc|iPhone.ActiveCfg = Release|Any CPU
		{FA2B7071-672B-45D8-8AC6-9D46371DA4B1}.Ad-Hoc|iPhoneSimulator.ActiveCfg = Release|Any CPU
		{FA2B7071-672B-45D8-8AC6-9D46371DA4B1}.Ad-Hoc|Mixed Platforms.ActiveCfg = Release|x86
		{FA2B7071-672B-45D8-8AC6-9D46371DA4B1}.Ad-Hoc|Mixed Platforms.Build.0 = Release|x86
		{FA2B7071-672B-45D8-8AC6-9D46371DA4B1}.Ad-Hoc|Mixed Platforms.Deploy.0 = Release|x86
		{FA2B7071-672B-45D8-8AC6-9D46371DA4B1}.Ad-Hoc|x86.ActiveCfg = Release|x86
		{FA2B7071-672B-45D8-8AC6-9D46371DA4B1}.Ad-Hoc|x86.Build.0 = Release|x86
		{FA2B7071-672B-45D8-8AC6-9D46371DA4B1}.Ad-Hoc|x86.Deploy.0 = Release|x86
		{FA2B7071-672B-45D8-8AC6-9D46371DA4B1}.AppStore|Any CPU.ActiveCfg = Release|Any CPU
		{FA2B7071-672B-45D8-8AC6-9D46371DA4B1}.AppStore|Any CPU.Build.0 = Release|Any CPU
		{FA2B7071-672B-45D8-8AC6-9D46371DA4B1}.AppStore|Any CPU.Deploy.0 = Release|Any CPU
		{FA2B7071-672B-45D8-8AC6-9D46371DA4B1}.AppStore|ARM.ActiveCfg = Release|ARM
		{FA2B7071-672B-45D8-8AC6-9D46371DA4B1}.AppStore|ARM.Build.0 = Release|ARM
		{FA2B7071-672B-45D8-8AC6-9D46371DA4B1}.AppStore|ARM.Deploy.0 = Release|ARM
		{FA2B7071-672B-45D8-8AC6-9D46371DA4B1}.AppStore|iPhone.ActiveCfg = Release|Any CPU
		{FA2B7071-672B-45D8-8AC6-9D46371DA4B1}.AppStore|iPhoneSimulator.ActiveCfg = Release|Any CPU
		{FA2B7071-672B-45D8-8AC6-9D46371DA4B1}.AppStore|Mixed Platforms.ActiveCfg = Release|x86
		{FA2B7071-672B-45D8-8AC6-9D46371DA4B1}.AppStore|Mixed Platforms.Build.0 = Release|x86
		{FA2B7071-672B-45D8-8AC6-9D46371DA4B1}.AppStore|Mixed Platforms.Deploy.0 = Release|x86
		{FA2B7071-672B-45D8-8AC6-9D46371DA4B1}.AppStore|x86.ActiveCfg = Release|x86
		{FA2B7071-672B-45D8-8AC6-9D46371DA4B1}.AppStore|x86.Build.0 = Release|x86
		{FA2B7071-672B-45D8-8AC6-9D46371DA4B1}.AppStore|x86.Deploy.0 = Release|x86
		{FA2B7071-672B-45D8-8AC6-9D46371DA4B1}.Debug|Any CPU.ActiveCfg = Debug|Any CPU
		{FA2B7071-672B-45D8-8AC6-9D46371DA4B1}.Debug|Any CPU.Build.0 = Debug|Any CPU
		{FA2B7071-672B-45D8-8AC6-9D46371DA4B1}.Debug|Any CPU.Deploy.0 = Debug|Any CPU
		{FA2B7071-672B-45D8-8AC6-9D46371DA4B1}.Debug|ARM.ActiveCfg = Debug|ARM
		{FA2B7071-672B-45D8-8AC6-9D46371DA4B1}.Debug|ARM.Build.0 = Debug|ARM
		{FA2B7071-672B-45D8-8AC6-9D46371DA4B1}.Debug|ARM.Deploy.0 = Debug|ARM
		{FA2B7071-672B-45D8-8AC6-9D46371DA4B1}.Debug|iPhone.ActiveCfg = Debug|Any CPU
		{FA2B7071-672B-45D8-8AC6-9D46371DA4B1}.Debug|iPhoneSimulator.ActiveCfg = Debug|Any CPU
		{FA2B7071-672B-45D8-8AC6-9D46371DA4B1}.Debug|Mixed Platforms.ActiveCfg = Debug|x86
		{FA2B7071-672B-45D8-8AC6-9D46371DA4B1}.Debug|Mixed Platforms.Build.0 = Debug|x86
		{FA2B7071-672B-45D8-8AC6-9D46371DA4B1}.Debug|Mixed Platforms.Deploy.0 = Debug|x86
		{FA2B7071-672B-45D8-8AC6-9D46371DA4B1}.Debug|x86.ActiveCfg = Debug|x86
		{FA2B7071-672B-45D8-8AC6-9D46371DA4B1}.Debug|x86.Build.0 = Debug|x86
		{FA2B7071-672B-45D8-8AC6-9D46371DA4B1}.Debug|x86.Deploy.0 = Debug|x86
		{FA2B7071-672B-45D8-8AC6-9D46371DA4B1}.Release|Any CPU.ActiveCfg = Release|Any CPU
		{FA2B7071-672B-45D8-8AC6-9D46371DA4B1}.Release|Any CPU.Build.0 = Release|Any CPU
		{FA2B7071-672B-45D8-8AC6-9D46371DA4B1}.Release|Any CPU.Deploy.0 = Release|Any CPU
		{FA2B7071-672B-45D8-8AC6-9D46371DA4B1}.Release|ARM.ActiveCfg = Release|ARM
		{FA2B7071-672B-45D8-8AC6-9D46371DA4B1}.Release|ARM.Build.0 = Release|ARM
		{FA2B7071-672B-45D8-8AC6-9D46371DA4B1}.Release|ARM.Deploy.0 = Release|ARM
		{FA2B7071-672B-45D8-8AC6-9D46371DA4B1}.Release|iPhone.ActiveCfg = Release|Any CPU
		{FA2B7071-672B-45D8-8AC6-9D46371DA4B1}.Release|iPhoneSimulator.ActiveCfg = Release|Any CPU
		{FA2B7071-672B-45D8-8AC6-9D46371DA4B1}.Release|Mixed Platforms.ActiveCfg = Release|x86
		{FA2B7071-672B-45D8-8AC6-9D46371DA4B1}.Release|Mixed Platforms.Build.0 = Release|x86
		{FA2B7071-672B-45D8-8AC6-9D46371DA4B1}.Release|Mixed Platforms.Deploy.0 = Release|x86
		{FA2B7071-672B-45D8-8AC6-9D46371DA4B1}.Release|x86.ActiveCfg = Release|x86
		{FA2B7071-672B-45D8-8AC6-9D46371DA4B1}.Release|x86.Build.0 = Release|x86
		{FA2B7071-672B-45D8-8AC6-9D46371DA4B1}.Release|x86.Deploy.0 = Release|x86
		{5B0116F9-97A6-4EBA-9D86-02A6A6429BCC}.Ad-Hoc|Any CPU.ActiveCfg = Ad-Hoc|iPhone
		{5B0116F9-97A6-4EBA-9D86-02A6A6429BCC}.Ad-Hoc|ARM.ActiveCfg = Ad-Hoc|iPhone
		{5B0116F9-97A6-4EBA-9D86-02A6A6429BCC}.Ad-Hoc|iPhone.ActiveCfg = Ad-Hoc|iPhone
		{5B0116F9-97A6-4EBA-9D86-02A6A6429BCC}.Ad-Hoc|iPhone.Build.0 = Ad-Hoc|iPhone
		{5B0116F9-97A6-4EBA-9D86-02A6A6429BCC}.Ad-Hoc|iPhoneSimulator.ActiveCfg = Ad-Hoc|iPhoneSimulator
		{5B0116F9-97A6-4EBA-9D86-02A6A6429BCC}.Ad-Hoc|iPhoneSimulator.Build.0 = Ad-Hoc|iPhoneSimulator
		{5B0116F9-97A6-4EBA-9D86-02A6A6429BCC}.Ad-Hoc|Mixed Platforms.ActiveCfg = Ad-Hoc|iPhone
		{5B0116F9-97A6-4EBA-9D86-02A6A6429BCC}.Ad-Hoc|Mixed Platforms.Build.0 = Ad-Hoc|iPhone
		{5B0116F9-97A6-4EBA-9D86-02A6A6429BCC}.Ad-Hoc|x86.ActiveCfg = Ad-Hoc|iPhone
		{5B0116F9-97A6-4EBA-9D86-02A6A6429BCC}.AppStore|Any CPU.ActiveCfg = AppStore|iPhone
		{5B0116F9-97A6-4EBA-9D86-02A6A6429BCC}.AppStore|ARM.ActiveCfg = AppStore|iPhone
		{5B0116F9-97A6-4EBA-9D86-02A6A6429BCC}.AppStore|iPhone.ActiveCfg = AppStore|iPhone
		{5B0116F9-97A6-4EBA-9D86-02A6A6429BCC}.AppStore|iPhone.Build.0 = AppStore|iPhone
		{5B0116F9-97A6-4EBA-9D86-02A6A6429BCC}.AppStore|iPhoneSimulator.ActiveCfg = AppStore|iPhoneSimulator
		{5B0116F9-97A6-4EBA-9D86-02A6A6429BCC}.AppStore|iPhoneSimulator.Build.0 = AppStore|iPhoneSimulator
		{5B0116F9-97A6-4EBA-9D86-02A6A6429BCC}.AppStore|Mixed Platforms.ActiveCfg = AppStore|iPhone
		{5B0116F9-97A6-4EBA-9D86-02A6A6429BCC}.AppStore|Mixed Platforms.Build.0 = AppStore|iPhone
		{5B0116F9-97A6-4EBA-9D86-02A6A6429BCC}.AppStore|x86.ActiveCfg = AppStore|iPhone
		{5B0116F9-97A6-4EBA-9D86-02A6A6429BCC}.Debug|Any CPU.ActiveCfg = Debug|iPhone
		{5B0116F9-97A6-4EBA-9D86-02A6A6429BCC}.Debug|ARM.ActiveCfg = Debug|iPhone
		{5B0116F9-97A6-4EBA-9D86-02A6A6429BCC}.Debug|iPhone.ActiveCfg = Debug|iPhone
		{5B0116F9-97A6-4EBA-9D86-02A6A6429BCC}.Debug|iPhone.Build.0 = Debug|iPhone
		{5B0116F9-97A6-4EBA-9D86-02A6A6429BCC}.Debug|iPhoneSimulator.ActiveCfg = Debug|iPhoneSimulator
		{5B0116F9-97A6-4EBA-9D86-02A6A6429BCC}.Debug|iPhoneSimulator.Build.0 = Debug|iPhoneSimulator
		{5B0116F9-97A6-4EBA-9D86-02A6A6429BCC}.Debug|Mixed Platforms.ActiveCfg = Debug|iPhone
		{5B0116F9-97A6-4EBA-9D86-02A6A6429BCC}.Debug|Mixed Platforms.Build.0 = Debug|iPhone
		{5B0116F9-97A6-4EBA-9D86-02A6A6429BCC}.Debug|x86.ActiveCfg = Debug|iPhone
		{5B0116F9-97A6-4EBA-9D86-02A6A6429BCC}.Release|Any CPU.ActiveCfg = Release|iPhone
		{5B0116F9-97A6-4EBA-9D86-02A6A6429BCC}.Release|ARM.ActiveCfg = Release|iPhone
		{5B0116F9-97A6-4EBA-9D86-02A6A6429BCC}.Release|iPhone.ActiveCfg = Release|iPhone
		{5B0116F9-97A6-4EBA-9D86-02A6A6429BCC}.Release|iPhone.Build.0 = Release|iPhone
		{5B0116F9-97A6-4EBA-9D86-02A6A6429BCC}.Release|iPhoneSimulator.ActiveCfg = Release|iPhoneSimulator
		{5B0116F9-97A6-4EBA-9D86-02A6A6429BCC}.Release|iPhoneSimulator.Build.0 = Release|iPhoneSimulator
		{5B0116F9-97A6-4EBA-9D86-02A6A6429BCC}.Release|Mixed Platforms.ActiveCfg = Release|iPhone
		{5B0116F9-97A6-4EBA-9D86-02A6A6429BCC}.Release|Mixed Platforms.Build.0 = Release|iPhone
		{5B0116F9-97A6-4EBA-9D86-02A6A6429BCC}.Release|x86.ActiveCfg = Release|iPhone
		{F03A6C1F-26C5-4408-9394-24D1EB34D651}.Ad-Hoc|Any CPU.ActiveCfg = Release|Any CPU
		{F03A6C1F-26C5-4408-9394-24D1EB34D651}.Ad-Hoc|Any CPU.Build.0 = Release|Any CPU
		{F03A6C1F-26C5-4408-9394-24D1EB34D651}.Ad-Hoc|Any CPU.Deploy.0 = Release|Any CPU
		{F03A6C1F-26C5-4408-9394-24D1EB34D651}.Ad-Hoc|ARM.ActiveCfg = Release|Any CPU
		{F03A6C1F-26C5-4408-9394-24D1EB34D651}.Ad-Hoc|iPhone.ActiveCfg = Release|Any CPU
		{F03A6C1F-26C5-4408-9394-24D1EB34D651}.Ad-Hoc|iPhoneSimulator.ActiveCfg = Release|Any CPU
		{F03A6C1F-26C5-4408-9394-24D1EB34D651}.Ad-Hoc|Mixed Platforms.ActiveCfg = Release|Any CPU
		{F03A6C1F-26C5-4408-9394-24D1EB34D651}.Ad-Hoc|Mixed Platforms.Build.0 = Release|Any CPU
		{F03A6C1F-26C5-4408-9394-24D1EB34D651}.Ad-Hoc|Mixed Platforms.Deploy.0 = Release|Any CPU
		{F03A6C1F-26C5-4408-9394-24D1EB34D651}.Ad-Hoc|x86.ActiveCfg = Release|Any CPU
		{F03A6C1F-26C5-4408-9394-24D1EB34D651}.AppStore|Any CPU.ActiveCfg = Release|Any CPU
		{F03A6C1F-26C5-4408-9394-24D1EB34D651}.AppStore|Any CPU.Build.0 = Release|Any CPU
		{F03A6C1F-26C5-4408-9394-24D1EB34D651}.AppStore|Any CPU.Deploy.0 = Release|Any CPU
		{F03A6C1F-26C5-4408-9394-24D1EB34D651}.AppStore|ARM.ActiveCfg = Release|Any CPU
		{F03A6C1F-26C5-4408-9394-24D1EB34D651}.AppStore|iPhone.ActiveCfg = Release|Any CPU
		{F03A6C1F-26C5-4408-9394-24D1EB34D651}.AppStore|iPhoneSimulator.ActiveCfg = Release|Any CPU
		{F03A6C1F-26C5-4408-9394-24D1EB34D651}.AppStore|Mixed Platforms.ActiveCfg = Release|Any CPU
		{F03A6C1F-26C5-4408-9394-24D1EB34D651}.AppStore|Mixed Platforms.Build.0 = Release|Any CPU
		{F03A6C1F-26C5-4408-9394-24D1EB34D651}.AppStore|Mixed Platforms.Deploy.0 = Release|Any CPU
		{F03A6C1F-26C5-4408-9394-24D1EB34D651}.AppStore|x86.ActiveCfg = Release|Any CPU
		{F03A6C1F-26C5-4408-9394-24D1EB34D651}.Debug|Any CPU.ActiveCfg = Debug|Any CPU
		{F03A6C1F-26C5-4408-9394-24D1EB34D651}.Debug|Any CPU.Build.0 = Debug|Any CPU
		{F03A6C1F-26C5-4408-9394-24D1EB34D651}.Debug|Any CPU.Deploy.0 = Debug|Any CPU
		{F03A6C1F-26C5-4408-9394-24D1EB34D651}.Debug|ARM.ActiveCfg = Debug|Any CPU
		{F03A6C1F-26C5-4408-9394-24D1EB34D651}.Debug|iPhone.ActiveCfg = Debug|Any CPU
		{F03A6C1F-26C5-4408-9394-24D1EB34D651}.Debug|iPhoneSimulator.ActiveCfg = Debug|Any CPU
		{F03A6C1F-26C5-4408-9394-24D1EB34D651}.Debug|Mixed Platforms.ActiveCfg = Debug|Any CPU
		{F03A6C1F-26C5-4408-9394-24D1EB34D651}.Debug|Mixed Platforms.Build.0 = Debug|Any CPU
		{F03A6C1F-26C5-4408-9394-24D1EB34D651}.Debug|Mixed Platforms.Deploy.0 = Debug|Any CPU
		{F03A6C1F-26C5-4408-9394-24D1EB34D651}.Debug|x86.ActiveCfg = Debug|Any CPU
		{F03A6C1F-26C5-4408-9394-24D1EB34D651}.Release|Any CPU.ActiveCfg = Release|Any CPU
		{F03A6C1F-26C5-4408-9394-24D1EB34D651}.Release|Any CPU.Build.0 = Release|Any CPU
		{F03A6C1F-26C5-4408-9394-24D1EB34D651}.Release|Any CPU.Deploy.0 = Release|Any CPU
		{F03A6C1F-26C5-4408-9394-24D1EB34D651}.Release|ARM.ActiveCfg = Release|Any CPU
		{F03A6C1F-26C5-4408-9394-24D1EB34D651}.Release|iPhone.ActiveCfg = Release|Any CPU
		{F03A6C1F-26C5-4408-9394-24D1EB34D651}.Release|iPhoneSimulator.ActiveCfg = Release|Any CPU
		{F03A6C1F-26C5-4408-9394-24D1EB34D651}.Release|Mixed Platforms.ActiveCfg = Release|Any CPU
		{F03A6C1F-26C5-4408-9394-24D1EB34D651}.Release|Mixed Platforms.Build.0 = Release|Any CPU
		{F03A6C1F-26C5-4408-9394-24D1EB34D651}.Release|Mixed Platforms.Deploy.0 = Release|Any CPU
		{F03A6C1F-26C5-4408-9394-24D1EB34D651}.Release|x86.ActiveCfg = Release|Any CPU
		{09D0CACB-C031-425A-8BCA-3DFDB2103868}.Ad-Hoc|Any CPU.ActiveCfg = Release|Any CPU
		{09D0CACB-C031-425A-8BCA-3DFDB2103868}.Ad-Hoc|Any CPU.Build.0 = Release|Any CPU
		{09D0CACB-C031-425A-8BCA-3DFDB2103868}.Ad-Hoc|ARM.ActiveCfg = Release|Any CPU
		{09D0CACB-C031-425A-8BCA-3DFDB2103868}.Ad-Hoc|iPhone.ActiveCfg = Release|Any CPU
		{09D0CACB-C031-425A-8BCA-3DFDB2103868}.Ad-Hoc|iPhoneSimulator.ActiveCfg = Release|Any CPU
		{09D0CACB-C031-425A-8BCA-3DFDB2103868}.Ad-Hoc|Mixed Platforms.ActiveCfg = Release|Any CPU
		{09D0CACB-C031-425A-8BCA-3DFDB2103868}.Ad-Hoc|Mixed Platforms.Build.0 = Release|Any CPU
		{09D0CACB-C031-425A-8BCA-3DFDB2103868}.Ad-Hoc|x86.ActiveCfg = Release|Any CPU
		{09D0CACB-C031-425A-8BCA-3DFDB2103868}.AppStore|Any CPU.ActiveCfg = Release|Any CPU
		{09D0CACB-C031-425A-8BCA-3DFDB2103868}.AppStore|Any CPU.Build.0 = Release|Any CPU
		{09D0CACB-C031-425A-8BCA-3DFDB2103868}.AppStore|ARM.ActiveCfg = Release|Any CPU
		{09D0CACB-C031-425A-8BCA-3DFDB2103868}.AppStore|iPhone.ActiveCfg = Release|Any CPU
		{09D0CACB-C031-425A-8BCA-3DFDB2103868}.AppStore|iPhoneSimulator.ActiveCfg = Release|Any CPU
		{09D0CACB-C031-425A-8BCA-3DFDB2103868}.AppStore|Mixed Platforms.ActiveCfg = Release|Any CPU
		{09D0CACB-C031-425A-8BCA-3DFDB2103868}.AppStore|Mixed Platforms.Build.0 = Release|Any CPU
		{09D0CACB-C031-425A-8BCA-3DFDB2103868}.AppStore|x86.ActiveCfg = Release|Any CPU
		{09D0CACB-C031-425A-8BCA-3DFDB2103868}.Debug|Any CPU.ActiveCfg = Debug|Any CPU
		{09D0CACB-C031-425A-8BCA-3DFDB2103868}.Debug|Any CPU.Build.0 = Debug|Any CPU
		{09D0CACB-C031-425A-8BCA-3DFDB2103868}.Debug|ARM.ActiveCfg = Debug|Any CPU
		{09D0CACB-C031-425A-8BCA-3DFDB2103868}.Debug|iPhone.ActiveCfg = Debug|Any CPU
		{09D0CACB-C031-425A-8BCA-3DFDB2103868}.Debug|iPhoneSimulator.ActiveCfg = Debug|Any CPU
		{09D0CACB-C031-425A-8BCA-3DFDB2103868}.Debug|Mixed Platforms.ActiveCfg = Debug|Any CPU
		{09D0CACB-C031-425A-8BCA-3DFDB2103868}.Debug|Mixed Platforms.Build.0 = Debug|Any CPU
		{09D0CACB-C031-425A-8BCA-3DFDB2103868}.Debug|x86.ActiveCfg = Debug|Any CPU
		{09D0CACB-C031-425A-8BCA-3DFDB2103868}.Release|Any CPU.ActiveCfg = Release|Any CPU
		{09D0CACB-C031-425A-8BCA-3DFDB2103868}.Release|Any CPU.Build.0 = Release|Any CPU
		{09D0CACB-C031-425A-8BCA-3DFDB2103868}.Release|ARM.ActiveCfg = Release|Any CPU
		{09D0CACB-C031-425A-8BCA-3DFDB2103868}.Release|iPhone.ActiveCfg = Release|Any CPU
		{09D0CACB-C031-425A-8BCA-3DFDB2103868}.Release|iPhoneSimulator.ActiveCfg = Release|Any CPU
		{09D0CACB-C031-425A-8BCA-3DFDB2103868}.Release|Mixed Platforms.ActiveCfg = Release|Any CPU
		{09D0CACB-C031-425A-8BCA-3DFDB2103868}.Release|Mixed Platforms.Build.0 = Release|Any CPU
		{09D0CACB-C031-425A-8BCA-3DFDB2103868}.Release|x86.ActiveCfg = Release|Any CPU
		{D1CAE0E5-26B2-41BA-A7DD-3E04C28734E3}.Ad-Hoc|Any CPU.ActiveCfg = Release|Any CPU
		{D1CAE0E5-26B2-41BA-A7DD-3E04C28734E3}.Ad-Hoc|Any CPU.Build.0 = Release|Any CPU
		{D1CAE0E5-26B2-41BA-A7DD-3E04C28734E3}.Ad-Hoc|ARM.ActiveCfg = Release|Any CPU
		{D1CAE0E5-26B2-41BA-A7DD-3E04C28734E3}.Ad-Hoc|iPhone.ActiveCfg = Release|Any CPU
		{D1CAE0E5-26B2-41BA-A7DD-3E04C28734E3}.Ad-Hoc|iPhoneSimulator.ActiveCfg = Release|Any CPU
		{D1CAE0E5-26B2-41BA-A7DD-3E04C28734E3}.Ad-Hoc|Mixed Platforms.ActiveCfg = Release|Any CPU
		{D1CAE0E5-26B2-41BA-A7DD-3E04C28734E3}.Ad-Hoc|Mixed Platforms.Build.0 = Release|Any CPU
		{D1CAE0E5-26B2-41BA-A7DD-3E04C28734E3}.Ad-Hoc|x86.ActiveCfg = Release|Any CPU
		{D1CAE0E5-26B2-41BA-A7DD-3E04C28734E3}.AppStore|Any CPU.ActiveCfg = Release|Any CPU
		{D1CAE0E5-26B2-41BA-A7DD-3E04C28734E3}.AppStore|Any CPU.Build.0 = Release|Any CPU
		{D1CAE0E5-26B2-41BA-A7DD-3E04C28734E3}.AppStore|ARM.ActiveCfg = Release|Any CPU
		{D1CAE0E5-26B2-41BA-A7DD-3E04C28734E3}.AppStore|iPhone.ActiveCfg = Release|Any CPU
		{D1CAE0E5-26B2-41BA-A7DD-3E04C28734E3}.AppStore|iPhoneSimulator.ActiveCfg = Release|Any CPU
		{D1CAE0E5-26B2-41BA-A7DD-3E04C28734E3}.AppStore|Mixed Platforms.ActiveCfg = Release|Any CPU
		{D1CAE0E5-26B2-41BA-A7DD-3E04C28734E3}.AppStore|Mixed Platforms.Build.0 = Release|Any CPU
		{D1CAE0E5-26B2-41BA-A7DD-3E04C28734E3}.AppStore|x86.ActiveCfg = Release|Any CPU
		{D1CAE0E5-26B2-41BA-A7DD-3E04C28734E3}.Debug|Any CPU.ActiveCfg = Debug|Any CPU
		{D1CAE0E5-26B2-41BA-A7DD-3E04C28734E3}.Debug|Any CPU.Build.0 = Debug|Any CPU
		{D1CAE0E5-26B2-41BA-A7DD-3E04C28734E3}.Debug|ARM.ActiveCfg = Debug|Any CPU
		{D1CAE0E5-26B2-41BA-A7DD-3E04C28734E3}.Debug|iPhone.ActiveCfg = Debug|Any CPU
		{D1CAE0E5-26B2-41BA-A7DD-3E04C28734E3}.Debug|iPhoneSimulator.ActiveCfg = Debug|Any CPU
		{D1CAE0E5-26B2-41BA-A7DD-3E04C28734E3}.Debug|Mixed Platforms.ActiveCfg = Debug|Any CPU
		{D1CAE0E5-26B2-41BA-A7DD-3E04C28734E3}.Debug|Mixed Platforms.Build.0 = Debug|Any CPU
		{D1CAE0E5-26B2-41BA-A7DD-3E04C28734E3}.Debug|x86.ActiveCfg = Debug|Any CPU
		{D1CAE0E5-26B2-41BA-A7DD-3E04C28734E3}.Release|Any CPU.ActiveCfg = Release|Any CPU
		{D1CAE0E5-26B2-41BA-A7DD-3E04C28734E3}.Release|Any CPU.Build.0 = Release|Any CPU
		{D1CAE0E5-26B2-41BA-A7DD-3E04C28734E3}.Release|ARM.ActiveCfg = Release|Any CPU
		{D1CAE0E5-26B2-41BA-A7DD-3E04C28734E3}.Release|iPhone.ActiveCfg = Release|Any CPU
		{D1CAE0E5-26B2-41BA-A7DD-3E04C28734E3}.Release|iPhoneSimulator.ActiveCfg = Release|Any CPU
		{D1CAE0E5-26B2-41BA-A7DD-3E04C28734E3}.Release|Mixed Platforms.ActiveCfg = Release|Any CPU
		{D1CAE0E5-26B2-41BA-A7DD-3E04C28734E3}.Release|Mixed Platforms.Build.0 = Release|Any CPU
		{D1CAE0E5-26B2-41BA-A7DD-3E04C28734E3}.Release|x86.ActiveCfg = Release|Any CPU
	EndGlobalSection
	GlobalSection(SolutionProperties) = preSolution
		HideSolutionNode = FALSE
	EndGlobalSection
EndGlobal
